<?xml version="1.0" encoding="utf-8"?>
<Project ToolsVersion="4.0" xmlns="http://schemas.microsoft.com/developer/msbuild/2003">
  <ItemGroup>
    <Filter Include="Resource Files">
      <UniqueIdentifier>{67DA6AB6-F800-4c08-8B7A-83BB121AAD01}</UniqueIdentifier>
      <Extensions>rc;ico;cur;bmp;dlg;rc2;rct;bin;rgs;gif;jpg;jpeg;jpe;resx;tiff;tif;png;wav;mfcribbon-ms</Extensions>
    </Filter>
  </ItemGroup>
  <ItemGroup>
    <CustomBuild Include="..\..\res\ascii16.png">
      <Filter>Resource Files</Filter>
    </CustomBuild>
    <CustomBuild Include="..\..\res\ascii24.png">
      <Filter>Resource Files</Filter>
    </CustomBuild>
    <CustomBuild Include="..\..\res\ascii32.png">
      <Filter>Resource Files</Filter>
    </CustomBuild>
    <CustomBuild Include="..\..\res\ascii48.png">
      <Filter>Resource Files</Filter>
    </CustomBuild>
    <CustomBuild Include="..\..\res\bg16.png">
      <Filter>Resource Files</Filter>
    </CustomBuild>
    <CustomBuild Include="..\..\res\icon16.png">
      <Filter>Resource Files</Filter>
    </CustomBuild>
    <CustomBuild Include="..\..\res\icon32.png">
      <Filter>Resource Files</Filter>
    </CustomBuild>
    <CustomBuild Include="..\..\res\icon48.png">
      <Filter>Resource Files</Filter>
    </CustomBuild>
    <CustomBuild Include="..\..\res\icon64.png">
      <Filter>Resource Files</Filter>
    </CustomBuild>
    <CustomBuild Include="..\..\res\icon128.png">
      <Filter>Resource Files</Filter>
    </CustomBuild>
    <CustomBuild Include="..\..\LICENSE.txt" />
    <CustomBuild Include="..\..\res\offsets16.png">
      <Filter>Resource Files</Filter>
    </CustomBuild>
    <CustomBuild Include="..\..\res\offsets24.png">
      <Filter>Resource Files</Filter>
    </CustomBuild>
    <CustomBuild Include="..\..\res\offsets32.png">
      <Filter>Resource Files</Filter>
    </CustomBuild>
    <CustomBuild Include="..\..\res\offsets48.png">
      <Filter>Resource Files</Filter>
    </CustomBuild>
    <CustomBuild Include="..\..\src\lua-plugin-preload.lua" />
    <CustomBuild Include="..\..\res\diff_fold16.png">
      <Filter>Resource Files</Filter>
    </CustomBuild>
    <CustomBuild Include="..\..\res\diff_fold24.png">
      <Filter>Resource Files</Filter>
    </CustomBuild>
    <CustomBuild Include="..\..\res\diff_fold32.png">
      <Filter>Resource Files</Filter>
    </CustomBuild>
    <CustomBuild Include="..\..\res\diff_fold48.png">
      <Filter>Resource Files</Filter>
    </CustomBuild>
    <CustomBuild Include="..\..\res\dock_bottom.png">
      <Filter>Resource Files</Filter>
    </CustomBuild>
    <CustomBuild Include="..\..\res\dock_left.png">
      <Filter>Resource Files</Filter>
    </CustomBuild>
    <CustomBuild Include="..\..\res\dock_right.png">
      <Filter>Resource Files</Filter>
    </CustomBuild>
    <CustomBuild Include="..\..\res\dock_top.png">
      <Filter>Resource Files</Filter>
    </CustomBuild>
    <CustomBuild Include="..\..\res\shortcut48.png">
      <Filter>Resource Files</Filter>
    </CustomBuild>
    <CustomBuild Include="..\..\res\spinner24.gif">
      <Filter>Resource Files</Filter>
    </CustomBuild>
    <CustomBuild Include="..\..\res\swap_horiz_dark_16.png">
      <Filter>Resource Files</Filter>
    </CustomBuild>
    <CustomBuild Include="..\..\res\swap_horiz_light_16.png">
      <Filter>Resource Files</Filter>
    </CustomBuild>
    <CustomBuild Include="..\..\res\swap_vert_dark_16.png">
      <Filter>Resource Files</Filter>
    </CustomBuild>
    <CustomBuild Include="..\..\res\swap_vert16_light_.png">
      <Filter>Resource Files</Filter>
    </CustomBuild>
    <CustomBuild Include="..\..\res\actual_size_dark_16.png">
      <Filter>Resource Files</Filter>
    </CustomBuild>
    <CustomBuild Include="..\..\res\actual_size_light_16.png">
      <Filter>Resource Files</Filter>
    </CustomBuild>
    <CustomBuild Include="..\..\res\fit_to_screen_dark_16.png">
      <Filter>Resource Files</Filter>
    </CustomBuild>
    <CustomBuild Include="..\..\res\fit_to_screen_light_16.png">
      <Filter>Resource Files</Filter>
    </CustomBuild>
    <CustomBuild Include="..\..\res\zoom_in_dark_16.png">
      <Filter>Resource Files</Filter>
    </CustomBuild>
    <CustomBuild Include="..\..\res\zoom_in_light_16.png">
      <Filter>Resource Files</Filter>
    </CustomBuild>
    <CustomBuild Include="..\..\res\zoom_out_dark_16.png">
      <Filter>Resource Files</Filter>
    </CustomBuild>
    <CustomBuild Include="..\..\res\zoom_out_light_16.png">
      <Filter>Resource Files</Filter>
    </CustomBuild>
  </ItemGroup>
</Project>