<?xml version="1.0" encoding="utf-8"?>
<Project ToolsVersion="4.0" xmlns="http://schemas.microsoft.com/developer/msbuild/2003">
  <ItemGroup>
    <Filter Include="Source Files">
      <UniqueIdentifier>{4FC737F1-C7A5-4376-A066-2A32D752A2FF}</UniqueIdentifier>
      <Extensions>cpp;c;cc;cxx;c++;def;odl;idl;hpj;bat;asm;asmx</Extensions>
    </Filter>
    <Filter Include="Header Files">
      <UniqueIdentifier>{93995380-89BD-4b04-88EB-625FBE52EBFB}</UniqueIdentifier>
      <Extensions>h;hh;hpp;hxx;h++;hm;inl;inc;ipp;xsd</Extensions>
    </Filter>
    <Filter Include="Resource Files">
      <UniqueIdentifier>{67DA6AB6-F800-4c08-8B7A-83BB121AAD01}</UniqueIdentifier>
      <Extensions>rc;ico;cur;bmp;dlg;rc2;rct;bin;rgs;gif;jpg;jpeg;jpe;resx;tiff;tif;png;wav;mfcribbon-ms</Extensions>
    </Filter>
    <Filter Include="res">
      <UniqueIdentifier>{04ee0d06-1459-4f95-bad4-906b5eed2d0a}</UniqueIdentifier>
    </Filter>
  </ItemGroup>
  <ItemGroup>
    <ClCompile Include="..\..\src\ArtProvider.cpp">
      <Filter>Source Files</Filter>
    </ClCompile>
    <ClCompile Include="..\..\src\buffer.cpp">
      <Filter>Source Files</Filter>
    </ClCompile>
    <ClCompile Include="..\..\src\ByteRangeSet.cpp">
      <Filter>Source Files</Filter>
    </ClCompile>
    <ClCompile Include="..\..\src\CommentTree.cpp">
      <Filter>Source Files</Filter>
    </ClCompile>
    <ClCompile Include="..\..\src\DiffWindow.cpp">
      <Filter>Source Files</Filter>
    </ClCompile>
    <ClCompile Include="..\..\src\document.cpp">
      <Filter>Source Files</Filter>
    </ClCompile>
    <ClCompile Include="..\..\src\DocumentCtrl.cpp">
      <Filter>Source Files</Filter>
    </ClCompile>
    <ClCompile Include="..\..\src\EditCommentDialog.cpp">
      <Filter>Source Files</Filter>
    </ClCompile>
    <ClCompile Include="..\..\src\Events.cpp">
      <Filter>Source Files</Filter>
    </ClCompile>
    <ClCompile Include="..\..\src\Palette.cpp">
      <Filter>Source Files</Filter>
    </ClCompile>
    <ClCompile Include="..\..\src\search.cpp">
      <Filter>Source Files</Filter>
    </ClCompile>
    <ClCompile Include="..\..\src\StringPanel.cpp">
      <Filter>Source Files</Filter>
    </ClCompile>
    <ClCompile Include="..\..\src\textentrydialog.cpp">
      <Filter>Source Files</Filter>
    </ClCompile>
    <ClCompile Include="..\..\src\ToolPanel.cpp">
      <Filter>Source Files</Filter>
    </ClCompile>
    <ClCompile Include="..\..\src\util.cpp">
      <Filter>Source Files</Filter>
    </ClCompile>
    <ClCompile Include="..\..\src\win32lib.cpp">
      <Filter>Source Files</Filter>
    </ClCompile>
    <ClCompile Include="..\..\res\ascii16.c">
      <Filter>res</Filter>
    </ClCompile>
    <ClCompile Include="..\..\res\ascii24.c">
      <Filter>res</Filter>
    </ClCompile>
    <ClCompile Include="..\..\res\ascii32.c">
      <Filter>res</Filter>
    </ClCompile>
    <ClCompile Include="..\..\res\ascii48.c">
      <Filter>res</Filter>
    </ClCompile>
    <ClCompile Include="..\..\res\icon16.c">
      <Filter>res</Filter>
    </ClCompile>
    <ClCompile Include="..\..\res\icon32.c">
      <Filter>res</Filter>
    </ClCompile>
    <ClCompile Include="..\..\res\icon48.c">
      <Filter>res</Filter>
    </ClCompile>
    <ClCompile Include="..\..\res\icon64.c">
      <Filter>res</Filter>
    </ClCompile>
    <ClCompile Include="..\..\res\offsets16.c">
      <Filter>res</Filter>
    </ClCompile>
    <ClCompile Include="..\..\res\offsets24.c">
      <Filter>res</Filter>
    </ClCompile>
    <ClCompile Include="..\..\res\offsets32.c">
      <Filter>res</Filter>
    </ClCompile>
    <ClCompile Include="..\..\res\offsets48.c">
      <Filter>res</Filter>
    </ClCompile>
    <ClCompile Include="..\..\src\BasicDataTypes.cpp">
      <Filter>Source Files</Filter>
    </ClCompile>
  </ItemGroup>
  <ItemGroup>
    <ClInclude Include="..\..\src\ArtProvider.hpp">
      <Filter>Header Files</Filter>
    </ClInclude>
    <ClInclude Include="..\..\src\buffer.hpp">
      <Filter>Header Files</Filter>
    </ClInclude>
    <ClInclude Include="..\..\src\ByteRangeSet.hpp">
      <Filter>Header Files</Filter>
    </ClInclude>
    <ClInclude Include="..\..\src\CommentTree.hpp">
      <Filter>Header Files</Filter>
    </ClInclude>
    <ClInclude Include="..\..\src\DiffWindow.hpp">
      <Filter>Header Files</Filter>
    </ClInclude>
    <ClInclude Include="..\..\src\document.hpp">
      <Filter>Header Files</Filter>
    </ClInclude>
    <ClInclude Include="..\..\src\DocumentCtrl.hpp">
      <Filter>Header Files</Filter>
    </ClInclude>
    <ClInclude Include="..\..\src\EditCommentDialog.hpp">
      <Filter>Header Files</Filter>
    </ClInclude>
    <ClInclude Include="..\..\src\Events.hpp">
      <Filter>Header Files</Filter>
    </ClInclude>
    <ClInclude Include="..\..\src\Palette.hpp">
      <Filter>Header Files</Filter>
    </ClInclude>
    <ClInclude Include="..\..\src\search.hpp">
      <Filter>Header Files</Filter>
    </ClInclude>
    <ClInclude Include="..\..\src\textentrydialog.hpp">
      <Filter>Header Files</Filter>
    </ClInclude>
    <ClInclude Include="..\..\src\ToolPanel.hpp">
      <Filter>Header Files</Filter>
    </ClInclude>
    <ClInclude Include="..\..\src\util.hpp">
      <Filter>Header Files</Filter>
    </ClInclude>
    <ClInclude Include="..\..\src\win32lib.hpp">
      <Filter>Header Files</Filter>
    </ClInclude>
    <ClInclude Include="..\..\res\ascii16.h">
      <Filter>res</Filter>
    </ClInclude>
    <ClInclude Include="..\..\res\ascii24.h">
      <Filter>res</Filter>
    </ClInclude>
    <ClInclude Include="..\..\res\ascii32.h">
      <Filter>res</Filter>
    </ClInclude>
    <ClInclude Include="..\..\res\ascii48.h">
      <Filter>res</Filter>
    </ClInclude>
    <ClInclude Include="..\..\res\icon16.h">
      <Filter>res</Filter>
    </ClInclude>
    <ClInclude Include="..\..\res\icon32.h">
      <Filter>res</Filter>
    </ClInclude>
    <ClInclude Include="..\..\res\icon48.h">
      <Filter>res</Filter>
    </ClInclude>
    <ClInclude Include="..\..\res\icon64.h">
      <Filter>res</Filter>
    </ClInclude>
    <ClInclude Include="..\..\res\offsets16.h">
      <Filter>res</Filter>
    </ClInclude>
    <ClInclude Include="..\..\res\offsets24.h">
      <Filter>res</Filter>
    </ClInclude>
    <ClInclude Include="..\..\res\offsets32.h">
      <Filter>res</Filter>
    </ClInclude>
    <ClInclude Include="..\..\res\offsets48.h">
      <Filter>res</Filter>
    </ClInclude>
    <ClInclude Include="..\..\src\StringPanel.hpp">
      <Filter>Header Files</Filter>
    </ClInclude>
    <ClInclude Include="..\..\src\BasicDataTypes.hpp">
      <Filter>Header Files</Filter>
    </ClInclude>
    <ClInclude Include="..\..\src\ByteRangeMap.hpp">
      <Filter>Header Files</Filter>
    </ClInclude>
  </ItemGroup>
</Project>